
Microsoft Visual Studio Solution File, Format Version 12.00
# Visual Studio Version 17
VisualStudioVersion = 17.14.36623.8
MinimumVisualStudioVersion = 10.0.40219.1
Project("{FAE04EC0-301F-11D3-BF4B-00C04F79EFBC}") = "TechTrioCourses.Shared", "TechTrioCourses.Shared\TechTrioCourses.Shared.csproj", "{C8EC5D72-3EF9-4041-8384-53831FA7E1CB}"
EndProject
Project("{FAE04EC0-301F-11D3-BF4B-00C04F79EFBC}") = "TechTrioCourses.Gateway", "TechTrioCourses.Gateway\TechTrioCourses.Gateway.csproj", "{93776343-A3DB-85C7-0A58-60A7866BC448}"
EndProject
Project("{2150E333-8FDC-42A3-9474-1A3956D46DE8}") = "CategoryService", "CategoryService", "{02EA681E-C7D8-13C7-8484-4AC65E1B71E8}"
EndProject
Project("{FAE04EC0-301F-11D3-BF4B-00C04F79EFBC}") = "CategoryAPI", "CategoryService\CategoryAPI\CategoryAPI.csproj", "{1236451B-FE42-1ED1-9E48-A5E36DFCC939}"
EndProject
Project("{FAE04EC0-301F-11D3-BF4B-00C04F79EFBC}") = "CategoryAPI.Domain", "CategoryService\CategoryAPI.Domain\CategoryAPI.Domain.csproj", "{F339F9BF-7DEC-48F3-9339-1D7D5EF3B8AC}"
EndProject
Project("{FAE04EC0-301F-11D3-BF4B-00C04F79EFBC}") = "CategoryAPI.Application", "CategoryService\CategoryAPI.Application\CategoryAPI.Application.csproj", "{2855D1E8-AE06-43DB-B12F-A7DEB217706D}"
EndProject
Project("{FAE04EC0-301F-11D3-BF4B-00C04F79EFBC}") = "CategoryAPI.Infrastructure", "CategoryService\CategoryAPI.Infrastructure\CategoryAPI.Infrastructure.csproj", "{2B6ACC26-7FD0-4B75-BA42-E4AF67271522}"
EndProject
Project("{2150E333-8FDC-42A3-9474-1A3956D46DE8}") = "CourseService", "CourseService", "{EBD63446-B9BC-47B9-8F9C-D433FB460D30}"
EndProject
Project("{2150E333-8FDC-42A3-9474-1A3956D46DE8}") = "LessonService", "LessonService", "{637FB203-53D5-4156-A221-14E62F701D34}"
EndProject
Project("{FAE04EC0-301F-11D3-BF4B-00C04F79EFBC}") = "CourseAPI", "CourseService\CourseAPI\CourseAPI.csproj", "{E09C9D38-F28C-0C0D-C2FD-2ECB2EE4E071}"
EndProject
Project("{FAE04EC0-301F-11D3-BF4B-00C04F79EFBC}") = "LessonAPI", "LessonService\LessonAPI\LessonAPI.csproj", "{25D23CC7-F044-1515-7CC8-F8031E01BA36}"
EndProject
Project("{FAE04EC0-301F-11D3-BF4B-00C04F79EFBC}") = "CourseAPI.Application", "CourseService\CourseAPI.Application\CourseAPI.Application.csproj", "{C0236C01-26EB-4FD6-A321-206E3DFB1A9E}"
EndProject
Project("{FAE04EC0-301F-11D3-BF4B-00C04F79EFBC}") = "CourseAPI.Domain", "CourseService\Course.Domain\CourseAPI.Domain\CourseAPI.Domain.csproj", "{A2563F4C-BCA7-4CF2-8EC0-B3ACBFDEB7F2}"
EndProject
Project("{FAE04EC0-301F-11D3-BF4B-00C04F79EFBC}") = "CourseAPI.Infrastructure", "CourseService\CourseAPI.Infrastructure\CourseAPI.Infrastructure.csproj", "{1CA2CD91-776B-4ACE-9B5B-890F1376EA8D}"
EndProject
Project("{FAE04EC0-301F-11D3-BF4B-00C04F79EFBC}") = "LessonAPI.Domain", "LessonService\LessonAPI.Domain\LessonAPI.Domain.csproj", "{36A5BD37-D438-4F08-8012-D5E5F13CA91A}"
EndProject
Project("{FAE04EC0-301F-11D3-BF4B-00C04F79EFBC}") = "LessonAPI.Infrastructure", "LessonService\LessonAPI.Infrastructure\LessonAPI.Infrastructure.csproj", "{E5C083AF-406B-4211-983D-8730E910B6EE}"
EndProject
Project("{FAE04EC0-301F-11D3-BF4B-00C04F79EFBC}") = "LessonAPI.Application", "LessonService\LessonAPI.Application\LessonAPI.Application.csproj", "{5E94DBFF-4AFF-471B-A99B-7F8AAB8EBD65}"
EndProject
Project("{2150E333-8FDC-42A3-9474-1A3956D46DE8}") = "QuizService", "QuizService", "{0A030041-5909-4AAD-8E7A-AA033B88245E}"
EndProject
Project("{2150E333-8FDC-42A3-9474-1A3956D46DE8}") = "UserService", "UserService", "{078F3A87-DF40-4230-A2AC-56757FD4C2F1}"
EndProject
Project("{2150E333-8FDC-42A3-9474-1A3956D46DE8}") = "AccountService", "AccountService", "{3A22966F-FD55-4739-A73C-302936F3D1F4}"
EndProject
Project("{FAE04EC0-301F-11D3-BF4B-00C04F79EFBC}") = "AccountAPI", "AccountService\AccountAPI\AccountAPI.csproj", "{386C8EBF-8C9B-1EF1-2B49-5B0FC46762A3}"
EndProject
Project("{FAE04EC0-301F-11D3-BF4B-00C04F79EFBC}") = "QuizAPI", "QuizService\QuizAPI\QuizAPI.csproj", "{0F058EE6-70B0-B05E-96CE-E7661052F4E8}"
EndProject
Project("{FAE04EC0-301F-11D3-BF4B-00C04F79EFBC}") = "UserAPI", "UserService\UserAPI\UserAPI.csproj", "{3EB01673-867E-D5AD-8673-6D38CA3CDB1A}"
EndProject
Global
	GlobalSection(SolutionConfigurationPlatforms) = preSolution
		Debug|Any CPU = Debug|Any CPU
		Release|Any CPU = Release|Any CPU
	EndGlobalSection
	GlobalSection(ProjectConfigurationPlatforms) = postSolution
		{C8EC5D72-3EF9-4041-8384-53831FA7E1CB}.Debug|Any CPU.ActiveCfg = Debug|Any CPU
		{C8EC5D72-3EF9-4041-8384-53831FA7E1CB}.Debug|Any CPU.Build.0 = Debug|Any CPU
		{C8EC5D72-3EF9-4041-8384-53831FA7E1CB}.Release|Any CPU.ActiveCfg = Release|Any CPU
		{C8EC5D72-3EF9-4041-8384-53831FA7E1CB}.Release|Any CPU.Build.0 = Release|Any CPU
		{93776343-A3DB-85C7-0A58-60A7866BC448}.Debug|Any CPU.ActiveCfg = Debug|Any CPU
		{93776343-A3DB-85C7-0A58-60A7866BC448}.Debug|Any CPU.Build.0 = Debug|Any CPU
		{93776343-A3DB-85C7-0A58-60A7866BC448}.Release|Any CPU.ActiveCfg = Release|Any CPU
		{93776343-A3DB-85C7-0A58-60A7866BC448}.Release|Any CPU.Build.0 = Release|Any CPU
		{1236451B-FE42-1ED1-9E48-A5E36DFCC939}.Debug|Any CPU.ActiveCfg = Debug|Any CPU
		{1236451B-FE42-1ED1-9E48-A5E36DFCC939}.Debug|Any CPU.Build.0 = Debug|Any CPU
		{1236451B-FE42-1ED1-9E48-A5E36DFCC939}.Release|Any CPU.ActiveCfg = Release|Any CPU
		{1236451B-FE42-1ED1-9E48-A5E36DFCC939}.Release|Any CPU.Build.0 = Release|Any CPU
		{F339F9BF-7DEC-48F3-9339-1D7D5EF3B8AC}.Debug|Any CPU.ActiveCfg = Debug|Any CPU
		{F339F9BF-7DEC-48F3-9339-1D7D5EF3B8AC}.Debug|Any CPU.Build.0 = Debug|Any CPU
		{F339F9BF-7DEC-48F3-9339-1D7D5EF3B8AC}.Release|Any CPU.ActiveCfg = Release|Any CPU
		{F339F9BF-7DEC-48F3-9339-1D7D5EF3B8AC}.Release|Any CPU.Build.0 = Release|Any CPU
		{2855D1E8-AE06-43DB-B12F-A7DEB217706D}.Debug|Any CPU.ActiveCfg = Debug|Any CPU
		{2855D1E8-AE06-43DB-B12F-A7DEB217706D}.Debug|Any CPU.Build.0 = Debug|Any CPU
		{2855D1E8-AE06-43DB-B12F-A7DEB217706D}.Release|Any CPU.ActiveCfg = Release|Any CPU
		{2855D1E8-AE06-43DB-B12F-A7DEB217706D}.Release|Any CPU.Build.0 = Release|Any CPU
		{2B6ACC26-7FD0-4B75-BA42-E4AF67271522}.Debug|Any CPU.ActiveCfg = Debug|Any CPU
		{2B6ACC26-7FD0-4B75-BA42-E4AF67271522}.Debug|Any CPU.Build.0 = Debug|Any CPU
		{2B6ACC26-7FD0-4B75-BA42-E4AF67271522}.Release|Any CPU.ActiveCfg = Release|Any CPU
		{2B6ACC26-7FD0-4B75-BA42-E4AF67271522}.Release|Any CPU.Build.0 = Release|Any CPU
		{E09C9D38-F28C-0C0D-C2FD-2ECB2EE4E071}.Debug|Any CPU.ActiveCfg = Debug|Any CPU
		{E09C9D38-F28C-0C0D-C2FD-2ECB2EE4E071}.Debug|Any CPU.Build.0 = Debug|Any CPU
		{E09C9D38-F28C-0C0D-C2FD-2ECB2EE4E071}.Release|Any CPU.ActiveCfg = Release|Any CPU
		{E09C9D38-F28C-0C0D-C2FD-2ECB2EE4E071}.Release|Any CPU.Build.0 = Release|Any CPU
		{25D23CC7-F044-1515-7CC8-F8031E01BA36}.Debug|Any CPU.ActiveCfg = Debug|Any CPU
		{25D23CC7-F044-1515-7CC8-F8031E01BA36}.Debug|Any CPU.Build.0 = Debug|Any CPU
		{25D23CC7-F044-1515-7CC8-F8031E01BA36}.Release|Any CPU.ActiveCfg = Release|Any CPU
		{25D23CC7-F044-1515-7CC8-F8031E01BA36}.Release|Any CPU.Build.0 = Release|Any CPU
		{C0236C01-26EB-4FD6-A321-206E3DFB1A9E}.Debug|Any CPU.ActiveCfg = Debug|Any CPU
		{C0236C01-26EB-4FD6-A321-206E3DFB1A9E}.Debug|Any CPU.Build.0 = Debug|Any CPU
		{C0236C01-26EB-4FD6-A321-206E3DFB1A9E}.Release|Any CPU.ActiveCfg = Release|Any CPU
		{C0236C01-26EB-4FD6-A321-206E3DFB1A9E}.Release|Any CPU.Build.0 = Release|Any CPU
		{A2563F4C-BCA7-4CF2-8EC0-B3ACBFDEB7F2}.Debug|Any CPU.ActiveCfg = Debug|Any CPU
		{A2563F4C-BCA7-4CF2-8EC0-B3ACBFDEB7F2}.Debug|Any CPU.Build.0 = Debug|Any CPU
		{A2563F4C-BCA7-4CF2-8EC0-B3ACBFDEB7F2}.Release|Any CPU.ActiveCfg = Release|Any CPU
		{A2563F4C-BCA7-4CF2-8EC0-B3ACBFDEB7F2}.Release|Any CPU.Build.0 = Release|Any CPU
		{1CA2CD91-776B-4ACE-9B5B-890F1376EA8D}.Debug|Any CPU.ActiveCfg = Debug|Any CPU
		{1CA2CD91-776B-4ACE-9B5B-890F1376EA8D}.Debug|Any CPU.Build.0 = Debug|Any CPU
		{1CA2CD91-776B-4ACE-9B5B-890F1376EA8D}.Release|Any CPU.ActiveCfg = Release|Any CPU
		{1CA2CD91-776B-4ACE-9B5B-890F1376EA8D}.Release|Any CPU.Build.0 = Release|Any CPU
		{36A5BD37-D438-4F08-8012-D5E5F13CA91A}.Debug|Any CPU.ActiveCfg = Debug|Any CPU
		{36A5BD37-D438-4F08-8012-D5E5F13CA91A}.Debug|Any CPU.Build.0 = Debug|Any CPU
		{36A5BD37-D438-4F08-8012-D5E5F13CA91A}.Release|Any CPU.ActiveCfg = Release|Any CPU
		{36A5BD37-D438-4F08-8012-D5E5F13CA91A}.Release|Any CPU.Build.0 = Release|Any CPU
		{E5C083AF-406B-4211-983D-8730E910B6EE}.Debug|Any CPU.ActiveCfg = Debug|Any CPU
		{E5C083AF-406B-4211-983D-8730E910B6EE}.Debug|Any CPU.Build.0 = Debug|Any CPU
		{E5C083AF-406B-4211-983D-8730E910B6EE}.Release|Any CPU.ActiveCfg = Release|Any CPU
		{E5C083AF-406B-4211-983D-8730E910B6EE}.Release|Any CPU.Build.0 = Release|Any CPU
		{5E94DBFF-4AFF-471B-A99B-7F8AAB8EBD65}.Debug|Any CPU.ActiveCfg = Debug|Any CPU
		{5E94DBFF-4AFF-471B-A99B-7F8AAB8EBD65}.Debug|Any CPU.Build.0 = Debug|Any CPU
		{5E94DBFF-4AFF-471B-A99B-7F8AAB8EBD65}.Release|Any CPU.ActiveCfg = Release|Any CPU
		{5E94DBFF-4AFF-471B-A99B-7F8AAB8EBD65}.Release|Any CPU.Build.0 = Release|Any CPU
		{386C8EBF-8C9B-1EF1-2B49-5B0FC46762A3}.Debug|Any CPU.ActiveCfg = Debug|Any CPU
		{386C8EBF-8C9B-1EF1-2B49-5B0FC46762A3}.Debug|Any CPU.Build.0 = Debug|Any CPU
		{386C8EBF-8C9B-1EF1-2B49-5B0FC46762A3}.Release|Any CPU.ActiveCfg = Release|Any CPU
		{386C8EBF-8C9B-1EF1-2B49-5B0FC46762A3}.Release|Any CPU.Build.0 = Release|Any CPU
		{0F058EE6-70B0-B05E-96CE-E7661052F4E8}.Debug|Any CPU.ActiveCfg = Debug|Any CPU
		{0F058EE6-70B0-B05E-96CE-E7661052F4E8}.Debug|Any CPU.Build.0 = Debug|Any CPU
		{0F058EE6-70B0-B05E-96CE-E7661052F4E8}.Release|Any CPU.ActiveCfg = Release|Any CPU
		{0F058EE6-70B0-B05E-96CE-E7661052F4E8}.Release|Any CPU.Build.0 = Release|Any CPU
		{3EB01673-867E-D5AD-8673-6D38CA3CDB1A}.Debug|Any CPU.ActiveCfg = Debug|Any CPU
		{3EB01673-867E-D5AD-8673-6D38CA3CDB1A}.Debug|Any CPU.Build.0 = Debug|Any CPU
		{3EB01673-867E-D5AD-8673-6D38CA3CDB1A}.Release|Any CPU.ActiveCfg = Release|Any CPU
		{3EB01673-867E-D5AD-8673-6D38CA3CDB1A}.Release|Any CPU.Build.0 = Release|Any CPU
	EndGlobalSection
	GlobalSection(SolutionProperties) = preSolution
		HideSolutionNode = FALSE
	EndGlobalSection
	GlobalSection(NestedProjects) = preSolution
		{1236451B-FE42-1ED1-9E48-A5E36DFCC939} = {02EA681E-C7D8-13C7-8484-4AC65E1B71E8}
		{F339F9BF-7DEC-48F3-9339-1D7D5EF3B8AC} = {02EA681E-C7D8-13C7-8484-4AC65E1B71E8}
		{2855D1E8-AE06-43DB-B12F-A7DEB217706D} = {02EA681E-C7D8-13C7-8484-4AC65E1B71E8}
		{2B6ACC26-7FD0-4B75-BA42-E4AF67271522} = {02EA681E-C7D8-13C7-8484-4AC65E1B71E8}
		{E09C9D38-F28C-0C0D-C2FD-2ECB2EE4E071} = {EBD63446-B9BC-47B9-8F9C-D433FB460D30}
		{25D23CC7-F044-1515-7CC8-F8031E01BA36} = {637FB203-53D5-4156-A221-14E62F701D34}
		{C0236C01-26EB-4FD6-A321-206E3DFB1A9E} = {EBD63446-B9BC-47B9-8F9C-D433FB460D30}
		{A2563F4C-BCA7-4CF2-8EC0-B3ACBFDEB7F2} = {EBD63446-B9BC-47B9-8F9C-D433FB460D30}
		{1CA2CD91-776B-4ACE-9B5B-890F1376EA8D} = {EBD63446-B9BC-47B9-8F9C-D433FB460D30}
		{36A5BD37-D438-4F08-8012-D5E5F13CA91A} = {637FB203-53D5-4156-A221-14E62F701D34}
		{E5C083AF-406B-4211-983D-8730E910B6EE} = {637FB203-53D5-4156-A221-14E62F701D34}
		{5E94DBFF-4AFF-471B-A99B-7F8AAB8EBD65} = {637FB203-53D5-4156-A221-14E62F701D34}
		{386C8EBF-8C9B-1EF1-2B49-5B0FC46762A3} = {3A22966F-FD55-4739-A73C-302936F3D1F4}
		{0F058EE6-70B0-B05E-96CE-E7661052F4E8} = {0A030041-5909-4AAD-8E7A-AA033B88245E}
		{3EB01673-867E-D5AD-8673-6D38CA3CDB1A} = {078F3A87-DF40-4230-A2AC-56757FD4C2F1}
	EndGlobalSection
	GlobalSection(ExtensibilityGlobals) = postSolution
		SolutionGuid = {73D5BBB2-5C6F-40A1-9264-A08AF51BCCFD}
	EndGlobalSection
EndGlobal
